
Microsoft Visual Studio Solution File, Format Version 12.00
# Visual Studio Version 16
VisualStudioVersion = 16.0.31702.278
MinimumVisualStudioVersion = 10.0.40219.1
Project("{FAE04EC0-301F-11D3-BF4B-00C04F79EFBC}") = "ServerConfigMtk-P2-20190140135", "ServerConfigMtk-P2-20190140135\ServerConfigMtk-P2-20190140135.csproj", "{B391CE33-6137-41F3-AFEC-12C49F726AFA}"
EndProject
Global
	GlobalSection(SolutionConfigurationPlatforms) = preSolution
		Debug|Any CPU = Debug|Any CPU
		Release|Any CPU = Release|Any CPU
	EndGlobalSection
	GlobalSection(ProjectConfigurationPlatforms) = postSolution
		{B391CE33-6137-41F3-AFEC-12C49F726AFA}.Debug|Any CPU.ActiveCfg = Debug|Any CPU
		{B391CE33-6137-41F3-AFEC-12C49F726AFA}.Debug|Any CPU.Build.0 = Debug|Any CPU
		{B391CE33-6137-41F3-AFEC-12C49F726AFA}.Release|Any CPU.ActiveCfg = Release|Any CPU
		{B391CE33-6137-41F3-AFEC-12C49F726AFA}.Release|Any CPU.Build.0 = Release|Any CPU
	EndGlobalSection
	GlobalSection(SolutionProperties) = preSolution
		HideSolutionNode = FALSE
	EndGlobalSection
	GlobalSection(ExtensibilityGlobals) = postSolution
		SolutionGuid = {D415D39D-D55C-4B59-B482-594610778617}
	EndGlobalSection
EndGlobal
